// !$*UTF8*$!
{
	archiveVersion = 1;
	classes = {
	};
	objectVersion = 55;
	objects = {

/* Begin PBXBuildFile section */
		CC99948728134455009C6BA3 /* AppDelegate.swift in Sources */ = {isa = PBXBuildFile; fileRef = CC99948628134455009C6BA3 /* AppDelegate.swift */; };
		CC99948928134455009C6BA3 /* SceneDelegate.swift in Sources */ = {isa = PBXBuildFile; fileRef = CC99948828134455009C6BA3 /* SceneDelegate.swift */; };
		CC99948B28134455009C6BA3 /* ViewController.swift in Sources */ = {isa = PBXBuildFile; fileRef = CC99948A28134455009C6BA3 /* ViewController.swift */; };
		CC99949028134455009C6BA3 /* Assets.xcassets in Resources */ = {isa = PBXBuildFile; fileRef = CC99948F28134455009C6BA3 /* Assets.xcassets */; };
		CC99949328134455009C6BA3 /* LaunchScreen.storyboard in Resources */ = {isa = PBXBuildFile; fileRef = CC99949128134455009C6BA3 /* LaunchScreen.storyboard */; };
		CC99949C2813461B009C6BA3 /* AnchorPointDemoViewController.swift in Sources */ = {isa = PBXBuildFile; fileRef = CC99949B2813461B009C6BA3 /* AnchorPointDemoViewController.swift */; };
		CC99949F28134675009C6BA3 /* DemoViewController.swift in Sources */ = {isa = PBXBuildFile; fileRef = CC99949E28134675009C6BA3 /* DemoViewController.swift */; };
		CC9994A22813658A009C6BA3 /* KHVisualiseView.swift in Sources */ = {isa = PBXBuildFile; fileRef = CC9994A12813658A009C6BA3 /* KHVisualiseView.swift */; };
/* End PBXBuildFile section */

/* Begin PBXFileReference section */
		CC99948328134455009C6BA3 /* Illustrations.app */ = {isa = PBXFileReference; explicitFileType = wrapper.application; includeInIndex = 0; path = Illustrations.app; sourceTree = BUILT_PRODUCTS_DIR; };
		CC99948628134455009C6BA3 /* AppDelegate.swift */ = {isa = PBXFileReference; lastKnownFileType = sourcecode.swift; path = AppDelegate.swift; sourceTree = "<group>"; };
		CC99948828134455009C6BA3 /* SceneDelegate.swift */ = {isa = PBXFileReference; lastKnownFileType = sourcecode.swift; path = SceneDelegate.swift; sourceTree = "<group>"; };
		CC99948A28134455009C6BA3 /* ViewController.swift */ = {isa = PBXFileReference; lastKnownFileType = sourcecode.swift; path = ViewController.swift; sourceTree = "<group>"; };
		CC99948F28134455009C6BA3 /* Assets.xcassets */ = {isa = PBXFileReference; lastKnownFileType = folder.assetcatalog; path = Assets.xcassets; sourceTree = "<group>"; };
		CC99949228134455009C6BA3 /* Base */ = {isa = PBXFileReference; lastKnownFileType = file.storyboard; name = Base; path = Base.lproj/LaunchScreen.storyboard; sourceTree = "<group>"; };
		CC99949428134455009C6BA3 /* Info.plist */ = {isa = PBXFileReference; lastKnownFileType = text.plist.xml; path = Info.plist; sourceTree = "<group>"; };
		CC99949A28134476009C6BA3 /* Illustrations.entitlements */ = {isa = PBXFileReference; lastKnownFileType = text.plist.entitlements; path = Illustrations.entitlements; sourceTree = "<group>"; };
		CC99949B2813461B009C6BA3 /* AnchorPointDemoViewController.swift */ = {isa = PBXFileReference; lastKnownFileType = sourcecode.swift; path = AnchorPointDemoViewController.swift; sourceTree = "<group>"; };
		CC99949E28134675009C6BA3 /* DemoViewController.swift */ = {isa = PBXFileReference; lastKnownFileType = sourcecode.swift; path = DemoViewController.swift; sourceTree = "<group>"; };
		CC9994A12813658A009C6BA3 /* KHVisualiseView.swift */ = {isa = PBXFileReference; lastKnownFileType = sourcecode.swift; path = KHVisualiseView.swift; sourceTree = "<group>"; };
/* End PBXFileReference section */

/* Begin PBXFrameworksBuildPhase section */
		CC99948028134455009C6BA3 /* Frameworks */ = {
			isa = PBXFrameworksBuildPhase;
			buildActionMask = 2147483647;
			files = (
			);
			runOnlyForDeploymentPostprocessing = 0;
		};
/* End PBXFrameworksBuildPhase section */

/* Begin PBXGroup section */
		CC99947A28134455009C6BA3 = {
			isa = PBXGroup;
			children = (
				CC99948528134455009C6BA3 /* Illustrations */,
				CC99948428134455009C6BA3 /* Products */,
			);
			sourceTree = "<group>";
		};
		CC99948428134455009C6BA3 /* Products */ = {
			isa = PBXGroup;
			children = (
				CC99948328134455009C6BA3 /* Illustrations.app */,
			);
			name = Products;
			sourceTree = "<group>";
		};
		CC99948528134455009C6BA3 /* Illustrations */ = {
			isa = PBXGroup;
			children = (
				CC99949A28134476009C6BA3 /* Illustrations.entitlements */,
				CC99948628134455009C6BA3 /* AppDelegate.swift */,
				CC99948828134455009C6BA3 /* SceneDelegate.swift */,
				CC99948A28134455009C6BA3 /* ViewController.swift */,
				CC99949D28134652009C6BA3 /* Demos */,
				CC99948F28134455009C6BA3 /* Assets.xcassets */,
				CC99949128134455009C6BA3 /* LaunchScreen.storyboard */,
				CC99949428134455009C6BA3 /* Info.plist */,
			);
			path = Illustrations;
			sourceTree = "<group>";
		};
		CC99949D28134652009C6BA3 /* Demos */ = {
			isa = PBXGroup;
			children = (
				CC99949E28134675009C6BA3 /* DemoViewController.swift */,
				CC9994A0281355D9009C6BA3 /* Anchor Points */,
			);
			path = Demos;
			sourceTree = "<group>";
		};
		CC9994A0281355D9009C6BA3 /* Anchor Points */ = {
			isa = PBXGroup;
			children = (
				CC99949B2813461B009C6BA3 /* AnchorPointDemoViewController.swift */,
				CC9994A12813658A009C6BA3 /* KHVisualiseView.swift */,
			);
			path = "Anchor Points";
			sourceTree = "<group>";
		};
/* End PBXGroup section */

/* Begin PBXNativeTarget section */
		CC99948228134455009C6BA3 /* Illustrations */ = {
			isa = PBXNativeTarget;
			buildConfigurationList = CC99949728134455009C6BA3 /* Build configuration list for PBXNativeTarget "Illustrations" */;
			buildPhases = (
				CC99947F28134455009C6BA3 /* Sources */,
				CC99948028134455009C6BA3 /* Frameworks */,
				CC99948128134455009C6BA3 /* Resources */,
			);
			buildRules = (
			);
			dependencies = (
			);
			name = Illustrations;
			productName = Illustrations;
			productReference = CC99948328134455009C6BA3 /* Illustrations.app */;
			productType = "com.apple.product-type.application";
		};
/* End PBXNativeTarget section */

/* Begin PBXProject section */
		CC99947B28134455009C6BA3 /* Project object */ = {
			isa = PBXProject;
			attributes = {
				BuildIndependentTargetsInParallel = 1;
				LastSwiftUpdateCheck = 1330;
				LastUpgradeCheck = 1330;
				TargetAttributes = {
					CC99948228134455009C6BA3 = {
						CreatedOnToolsVersion = 13.3.1;
					};
				};
			};
			buildConfigurationList = CC99947E28134455009C6BA3 /* Build configuration list for PBXProject "Illustrations" */;
			compatibilityVersion = "Xcode 13.0";
			developmentRegion = en;
			hasScannedForEncodings = 0;
			knownRegions = (
				en,
				Base,
			);
			mainGroup = CC99947A28134455009C6BA3;
			productRefGroup = CC99948428134455009C6BA3 /* Products */;
			projectDirPath = "";
			projectRoot = "";
			targets = (
				CC99948228134455009C6BA3 /* Illustrations */,
			);
		};
/* End PBXProject section */

/* Begin PBXResourcesBuildPhase section */
		CC99948128134455009C6BA3 /* Resources */ = {
			isa = PBXResourcesBuildPhase;
			buildActionMask = 2147483647;
			files = (
				CC99949328134455009C6BA3 /* LaunchScreen.storyboard in Resources */,
				CC99949028134455009C6BA3 /* Assets.xcassets in Resources */,
			);
			runOnlyForDeploymentPostprocessing = 0;
		};
/* End PBXResourcesBuildPhase section */

/* Begin PBXSourcesBuildPhase section */
		CC99947F28134455009C6BA3 /* Sources */ = {
			isa = PBXSourcesBuildPhase;
			buildActionMask = 2147483647;
			files = (
				CC99948B28134455009C6BA3 /* ViewController.swift in Sources */,
				CC9994A22813658A009C6BA3 /* KHVisualiseView.swift in Sources */,
				CC99948728134455009C6BA3 /* AppDelegate.swift in Sources */,
				CC99948928134455009C6BA3 /* SceneDelegate.swift in Sources */,
				CC99949C2813461B009C6BA3 /* AnchorPointDemoViewController.swift in Sources */,
				CC99949F28134675009C6BA3 /* DemoViewController.swift in Sources */,
			);
			runOnlyForDeploymentPostprocessing = 0;
		};
/* End PBXSourcesBuildPhase section */

/* Begin PBXVariantGroup section */
		CC99949128134455009C6BA3 /* LaunchScreen.storyboard */ = {
			isa = PBXVariantGroup;
			children = (
				CC99949228134455009C6BA3 /* Base */,
			);
			name = LaunchScreen.storyboard;
			sourceTree = "<group>";
		};
/* End PBXVariantGroup section */

/* Begin XCBuildConfiguration section */
		CC99949528134455009C6BA3 /* Debug */ = {
			isa = XCBuildConfiguration;
			buildSettings = {
				ALWAYS_SEARCH_USER_PATHS = NO;
				CLANG_ANALYZER_NONNULL = YES;
				CLANG_ANALYZER_NUMBER_OBJECT_CONVERSION = YES_AGGRESSIVE;
				CLANG_CXX_LANGUAGE_STANDARD = "gnu++17";
				CLANG_ENABLE_MODULES = YES;
				CLANG_ENABLE_OBJC_ARC = YES;
				CLANG_ENABLE_OBJC_WEAK = YES;
				CLANG_WARN_BLOCK_CAPTURE_AUTORELEASING = YES;
				CLANG_WARN_BOOL_CONVERSION = YES;
				CLANG_WARN_COMMA = YES;
				CLANG_WARN_CONSTANT_CONVERSION = YES;
				CLANG_WARN_DEPRECATED_OBJC_IMPLEMENTATIONS = YES;
				CLANG_WARN_DIRECT_OBJC_ISA_USAGE = YES_ERROR;
				CLANG_WARN_DOCUMENTATION_COMMENTS = YES;
				CLANG_WARN_EMPTY_BODY = YES;
				CLANG_WARN_ENUM_CONVERSION = YES;
				CLANG_WARN_INFINITE_RECURSION = YES;
				CLANG_WARN_INT_CONVERSION = YES;
				CLANG_WARN_NON_LITERAL_NULL_CONVERSION = YES;
				CLANG_WARN_OBJC_IMPLICIT_RETAIN_SELF = YES;
				CLANG_WARN_OBJC_LITERAL_CONVERSION = YES;
				CLANG_WARN_OBJC_ROOT_CLASS = YES_ERROR;
				CLANG_WARN_QUOTED_INCLUDE_IN_FRAMEWORK_HEADER = YES;
				CLANG_WARN_RANGE_LOOP_ANALYSIS = YES;
				CLANG_WARN_STRICT_PROTOTYPES = YES;
				CLANG_WARN_SUSPICIOUS_MOVE = YES;
				CLANG_WARN_UNGUARDED_AVAILABILITY = YES_AGGRESSIVE;
				CLANG_WARN_UNREACHABLE_CODE = YES;
				CLANG_WARN__DUPLICATE_METHOD_MATCH = YES;
				COPY_PHASE_STRIP = NO;
				DEBUG_INFORMATION_FORMAT = dwarf;
				ENABLE_STRICT_OBJC_MSGSEND = YES;
				ENABLE_TESTABILITY = YES;
				GCC_C_LANGUAGE_STANDARD = gnu11;
				GCC_DYNAMIC_NO_PIC = NO;
				GCC_NO_COMMON_BLOCKS = YES;
				GCC_OPTIMIZATION_LEVEL = 0;
				GCC_PREPROCESSOR_DEFINITIONS = (
					"DEBUG=1",
					"$(inherited)",
				);
				GCC_WARN_64_TO_32_BIT_CONVERSION = YES;
				GCC_WARN_ABOUT_RETURN_TYPE = YES_ERROR;
				GCC_WARN_UNDECLARED_SELECTOR = YES;
				GCC_WARN_UNINITIALIZED_AUTOS = YES_AGGRESSIVE;
				GCC_WARN_UNUSED_FUNCTION = YES;
				GCC_WARN_UNUSED_VARIABLE = YES;
				IPHONEOS_DEPLOYMENT_TARGET = 15.4;
				MTL_ENABLE_DEBUG_INFO = INCLUDE_SOURCE;
				MTL_FAST_MATH = YES;
				ONLY_ACTIVE_ARCH = YES;
				SDKROOT = iphoneos;
				SWIFT_ACTIVE_COMPILATION_CONDITIONS = DEBUG;
				SWIFT_OPTIMIZATION_LEVEL = "-Onone";
			};
			name = Debug;
		};
		CC99949628134455009C6BA3 /* Release */ = {
			isa = XCBuildConfiguration;
			buildSettings = {
				ALWAYS_SEARCH_USER_PATHS = NO;
				CLANG_ANALYZER_NONNULL = YES;
				CLANG_ANALYZER_NUMBER_OBJECT_CONVERSION = YES_AGGRESSIVE;
				CLANG_CXX_LANGUAGE_STANDARD = "gnu++17";
				CLANG_ENABLE_MODULES = YES;
				CLANG_ENABLE_OBJC_ARC = YES;
				CLANG_ENABLE_OBJC_WEAK = YES;
				CLANG_WARN_BLOCK_CAPTURE_AUTORELEASING = YES;
				CLANG_WARN_BOOL_CONVERSION = YES;
				CLANG_WARN_COMMA = YES;
				CLANG_WARN_CONSTANT_CONVERSION = YES;
				CLANG_WARN_DEPRECATED_OBJC_IMPLEMENTATIONS = YES;
				CLANG_WARN_DIRECT_OBJC_ISA_USAGE = YES_ERROR;
				CLANG_WARN_DOCUMENTATION_COMMENTS = YES;
				CLANG_WARN_EMPTY_BODY = YES;
				CLANG_WARN_ENUM_CONVERSION = YES;
				CLANG_WARN_INFINITE_RECURSION = YES;
				CLANG_WARN_INT_CONVERSION = YES;
				CLANG_WARN_NON_LITERAL_NULL_CONVERSION = YES;
				CLANG_WARN_OBJC_IMPLICIT_RETAIN_SELF = YES;
				CLANG_WARN_OBJC_LITERAL_CONVERSION = YES;
				CLANG_WARN_OBJC_ROOT_CLASS = YES_ERROR;
				CLANG_WARN_QUOTED_INCLUDE_IN_FRAMEWORK_HEADER = YES;
				CLANG_WARN_RANGE_LOOP_ANALYSIS = YES;
				CLANG_WARN_STRICT_PROTOTYPES = YES;
				CLANG_WARN_SUSPICIOUS_MOVE = YES;
				CLANG_WARN_UNGUARDED_AVAILABILITY = YES_AGGRESSIVE;
				CLANG_WARN_UNREACHABLE_CODE = YES;
				CLANG_WARN__DUPLICATE_METHOD_MATCH = YES;
				COPY_PHASE_STRIP = NO;
				DEBUG_INFORMATION_FORMAT = "dwarf-with-dsym";
				ENABLE_NS_ASSERTIONS = NO;
				ENABLE_STRICT_OBJC_MSGSEND = YES;
				GCC_C_LANGUAGE_STANDARD = gnu11;
				GCC_NO_COMMON_BLOCKS = YES;
				GCC_WARN_64_TO_32_BIT_CONVERSION = YES;
				GCC_WARN_ABOUT_RETURN_TYPE = YES_ERROR;
				GCC_WARN_UNDECLARED_SELECTOR = YES;
				GCC_WARN_UNINITIALIZED_AUTOS = YES_AGGRESSIVE;
				GCC_WARN_UNUSED_FUNCTION = YES;
				GCC_WARN_UNUSED_VARIABLE = YES;
				IPHONEOS_DEPLOYMENT_TARGET = 15.4;
				MTL_ENABLE_DEBUG_INFO = NO;
				MTL_FAST_MATH = YES;
				SDKROOT = iphoneos;
				SWIFT_COMPILATION_MODE = wholemodule;
				SWIFT_OPTIMIZATION_LEVEL = "-O";
				VALIDATE_PRODUCT = YES;
			};
			name = Release;
		};
		CC99949828134455009C6BA3 /* Debug */ = {
			isa = XCBuildConfiguration;
			buildSettings = {
				ASSETCATALOG_COMPILER_APPICON_NAME = AppIcon;
				ASSETCATALOG_COMPILER_GLOBAL_ACCENT_COLOR_NAME = AccentColor;
				CODE_SIGN_ENTITLEMENTS = Illustrations/Illustrations.entitlements;
				CODE_SIGN_STYLE = Automatic;
				CURRENT_PROJECT_VERSION = 1;
				DEVELOPMENT_TEAM = NFTL2336WY;
				GENERATE_INFOPLIST_FILE = YES;
				INFOPLIST_FILE = Illustrations/Info.plist;
				INFOPLIST_KEY_UIApplicationSupportsIndirectInputEvents = YES;
				INFOPLIST_KEY_UILaunchStoryboardName = LaunchScreen;
				INFOPLIST_KEY_UISupportedInterfaceOrientations_iPad = "UIInterfaceOrientationPortrait UIInterfaceOrientationPortraitUpsideDown UIInterfaceOrientationLandscapeLeft UIInterfaceOrientationLandscapeRight";
				INFOPLIST_KEY_UISupportedInterfaceOrientations_iPhone = "UIInterfaceOrientationPortrait UIInterfaceOrientationLandscapeLeft UIInterfaceOrientationLandscapeRight";
				IPHONEOS_DEPLOYMENT_TARGET = 15.0;
				LD_RUNPATH_SEARCH_PATHS = (
					"$(inherited)",
					"@executable_path/Frameworks",
				);
				MARKETING_VERSION = 1.0;
				PRODUCT_BUNDLE_IDENTIFIER = com.ikyle.Illustrations;
				PRODUCT_NAME = "$(TARGET_NAME)";
				SUPPORTS_MACCATALYST = YES;
				SWIFT_EMIT_LOC_STRINGS = YES;
				SWIFT_VERSION = 5.0;
				TARGETED_DEVICE_FAMILY = "1,2,6";
			};
			name = Debug;
		};
		CC99949928134455009C6BA3 /* Release */ = {
			isa = XCBuildConfiguration;
			buildSettings = {
				ASSETCATALOG_COMPILER_APPICON_NAME = AppIcon;
				ASSETCATALOG_COMPILER_GLOBAL_ACCENT_COLOR_NAME = AccentColor;
				CODE_SIGN_ENTITLEMENTS = Illustrations/Illustrations.entitlements;
				CODE_SIGN_STYLE = Automatic;
				CURRENT_PROJECT_VERSION = 1;
				DEVELOPMENT_TEAM = NFTL2336WY;
				GENERATE_INFOPLIST_FILE = YES;
				INFOPLIST_FILE = Illustrations/Info.plist;
				INFOPLIST_KEY_UIApplicationSupportsIndirectInputEvents = YES;
				INFOPLIST_KEY_UILaunchStoryboardName = LaunchScreen;
				INFOPLIST_KEY_UISupportedInterfaceOrientations_iPad = "UIInterfaceOrientationPortrait UIInterfaceOrientationPortraitUpsideDown UIInterfaceOrientationLandscapeLeft UIInterfaceOrientationLandscapeRight";
				INFOPLIST_KEY_UISupportedInterfaceOrientations_iPhone = "UIInterfaceOrientationPortrait UIInterfaceOrientationLandscapeLeft UIInterfaceOrientationLandscapeRight";
				IPHONEOS_DEPLOYMENT_TARGET = 15.0;
				LD_RUNPATH_SEARCH_PATHS = (
					"$(inherited)",
					"@executable_path/Frameworks",
				);
				MARKETING_VERSION = 1.0;
				PRODUCT_BUNDLE_IDENTIFIER = com.ikyle.Illustrations;
				PRODUCT_NAME = "$(TARGET_NAME)";
				SUPPORTS_MACCATALYST = YES;
				SWIFT_EMIT_LOC_STRINGS = YES;
				SWIFT_VERSION = 5.0;
				TARGETED_DEVICE_FAMILY = "1,2,6";
			};
			name = Release;
		};
/* End XCBuildConfiguration section */

/* Begin XCConfigurationList section */
		CC99947E28134455009C6BA3 /* Build configuration list for PBXProject "Illustrations" */ = {
			isa = XCConfigurationList;
			buildConfigurations = (
				CC99949528134455009C6BA3 /* Debug */,
				CC99949628134455009C6BA3 /* Release */,
			);
			defaultConfigurationIsVisible = 0;
			defaultConfigurationName = Release;
		};
		CC99949728134455009C6BA3 /* Build configuration list for PBXNativeTarget "Illustrations" */ = {
			isa = XCConfigurationList;
			buildConfigurations = (
				CC99949828134455009C6BA3 /* Debug */,
				CC99949928134455009C6BA3 /* Release */,
			);
			defaultConfigurationIsVisible = 0;
			defaultConfigurationName = Release;
		};
/* End XCConfigurationList section */
	};
	rootObject = CC99947B28134455009C6BA3 /* Project object */;
}
