// !$*UTF8*$!
{
	archiveVersion = 1;
	classes = {
	};
	objectVersion = 50;
	objects = {

/* Begin PBXBuildFile section */
		CC80244B24846A8B00FE173C /* AppDelegate.m in Sources */ = {isa = PBXBuildFile; fileRef = CC80244A24846A8B00FE173C /* AppDelegate.m */; };
		CC80244E24846A8B00FE173C /* SceneDelegate.m in Sources */ = {isa = PBXBuildFile; fileRef = CC80244D24846A8B00FE173C /* SceneDelegate.m */; };
		CC80245124846A8B00FE173C /* FirstViewController.m in Sources */ = {isa = PBXBuildFile; fileRef = CC80245024846A8B00FE173C /* FirstViewController.m */; };
		CC80245424846A8B00FE173C /* SecondViewController.m in Sources */ = {isa = PBXBuildFile; fileRef = CC80245324846A8B00FE173C /* SecondViewController.m */; };
		CC80245924846A8D00FE173C /* Assets.xcassets in Resources */ = {isa = PBXBuildFile; fileRef = CC80245824846A8D00FE173C /* Assets.xcassets */; };
		CC80245C24846A8D00FE173C /* LaunchScreen.storyboard in Resources */ = {isa = PBXBuildFile; fileRef = CC80245A24846A8D00FE173C /* LaunchScreen.storyboard */; };
		CC80245F24846A8D00FE173C /* main.m in Sources */ = {isa = PBXBuildFile; fileRef = CC80245E24846A8D00FE173C /* main.m */; };
/* End PBXBuildFile section */

/* Begin PBXFileReference section */
		CC80244624846A8B00FE173C /* Titlebar-TabBar.app */ = {isa = PBXFileReference; explicitFileType = wrapper.application; includeInIndex = 0; path = "Titlebar-TabBar.app"; sourceTree = BUILT_PRODUCTS_DIR; };
		CC80244924846A8B00FE173C /* AppDelegate.h */ = {isa = PBXFileReference; lastKnownFileType = sourcecode.c.h; path = AppDelegate.h; sourceTree = "<group>"; };
		CC80244A24846A8B00FE173C /* AppDelegate.m */ = {isa = PBXFileReference; lastKnownFileType = sourcecode.c.objc; path = AppDelegate.m; sourceTree = "<group>"; };
		CC80244C24846A8B00FE173C /* SceneDelegate.h */ = {isa = PBXFileReference; lastKnownFileType = sourcecode.c.h; path = SceneDelegate.h; sourceTree = "<group>"; };
		CC80244D24846A8B00FE173C /* SceneDelegate.m */ = {isa = PBXFileReference; lastKnownFileType = sourcecode.c.objc; path = SceneDelegate.m; sourceTree = "<group>"; };
		CC80244F24846A8B00FE173C /* FirstViewController.h */ = {isa = PBXFileReference; lastKnownFileType = sourcecode.c.h; path = FirstViewController.h; sourceTree = "<group>"; };
		CC80245024846A8B00FE173C /* FirstViewController.m */ = {isa = PBXFileReference; lastKnownFileType = sourcecode.c.objc; path = FirstViewController.m; sourceTree = "<group>"; };
		CC80245224846A8B00FE173C /* SecondViewController.h */ = {isa = PBXFileReference; lastKnownFileType = sourcecode.c.h; path = SecondViewController.h; sourceTree = "<group>"; };
		CC80245324846A8B00FE173C /* SecondViewController.m */ = {isa = PBXFileReference; lastKnownFileType = sourcecode.c.objc; path = SecondViewController.m; sourceTree = "<group>"; };
		CC80245824846A8D00FE173C /* Assets.xcassets */ = {isa = PBXFileReference; lastKnownFileType = folder.assetcatalog; path = Assets.xcassets; sourceTree = "<group>"; };
		CC80245B24846A8D00FE173C /* Base */ = {isa = PBXFileReference; lastKnownFileType = file.storyboard; name = Base; path = Base.lproj/LaunchScreen.storyboard; sourceTree = "<group>"; };
		CC80245D24846A8D00FE173C /* Info.plist */ = {isa = PBXFileReference; lastKnownFileType = text.plist.xml; path = Info.plist; sourceTree = "<group>"; };
		CC80245E24846A8D00FE173C /* main.m */ = {isa = PBXFileReference; lastKnownFileType = sourcecode.c.objc; path = main.m; sourceTree = "<group>"; };
		CC80246524846BC200FE173C /* Titlebar-TabBar.entitlements */ = {isa = PBXFileReference; lastKnownFileType = text.plist.entitlements; path = "Titlebar-TabBar.entitlements"; sourceTree = "<group>"; };
/* End PBXFileReference section */

/* Begin PBXFrameworksBuildPhase section */
		CC80244324846A8B00FE173C /* Frameworks */ = {
			isa = PBXFrameworksBuildPhase;
			buildActionMask = 2147483647;
			files = (
			);
			runOnlyForDeploymentPostprocessing = 0;
		};
/* End PBXFrameworksBuildPhase section */

/* Begin PBXGroup section */
		CC80243D24846A8B00FE173C = {
			isa = PBXGroup;
			children = (
				CC80244824846A8B00FE173C /* Titlebar-TabBar */,
				CC80244724846A8B00FE173C /* Products */,
			);
			sourceTree = "<group>";
		};
		CC80244724846A8B00FE173C /* Products */ = {
			isa = PBXGroup;
			children = (
				CC80244624846A8B00FE173C /* Titlebar-TabBar.app */,
			);
			name = Products;
			sourceTree = "<group>";
		};
		CC80244824846A8B00FE173C /* Titlebar-TabBar */ = {
			isa = PBXGroup;
			children = (
				CC80246524846BC200FE173C /* Titlebar-TabBar.entitlements */,
				CC80244924846A8B00FE173C /* AppDelegate.h */,
				CC80244A24846A8B00FE173C /* AppDelegate.m */,
				CC80244C24846A8B00FE173C /* SceneDelegate.h */,
				CC80244D24846A8B00FE173C /* SceneDelegate.m */,
				CC80244F24846A8B00FE173C /* FirstViewController.h */,
				CC80245024846A8B00FE173C /* FirstViewController.m */,
				CC80245224846A8B00FE173C /* SecondViewController.h */,
				CC80245324846A8B00FE173C /* SecondViewController.m */,
				CC80245824846A8D00FE173C /* Assets.xcassets */,
				CC80245A24846A8D00FE173C /* LaunchScreen.storyboard */,
				CC80245D24846A8D00FE173C /* Info.plist */,
				CC80245E24846A8D00FE173C /* main.m */,
			);
			path = "Titlebar-TabBar";
			sourceTree = "<group>";
		};
/* End PBXGroup section */

/* Begin PBXNativeTarget section */
		CC80244524846A8B00FE173C /* Titlebar-TabBar */ = {
			isa = PBXNativeTarget;
			buildConfigurationList = CC80246224846A8D00FE173C /* Build configuration list for PBXNativeTarget "Titlebar-TabBar" */;
			buildPhases = (
				CC80244224846A8B00FE173C /* Sources */,
				CC80244324846A8B00FE173C /* Frameworks */,
				CC80244424846A8B00FE173C /* Resources */,
			);
			buildRules = (
			);
			dependencies = (
			);
			name = "Titlebar-TabBar";
			productName = "Titlebar-TabBar";
			productReference = CC80244624846A8B00FE173C /* Titlebar-TabBar.app */;
			productType = "com.apple.product-type.application";
		};
/* End PBXNativeTarget section */

/* Begin PBXProject section */
		CC80243E24846A8B00FE173C /* Project object */ = {
			isa = PBXProject;
			attributes = {
				LastUpgradeCheck = 1140;
				ORGANIZATIONNAME = "Kyle Howells";
				TargetAttributes = {
					CC80244524846A8B00FE173C = {
						CreatedOnToolsVersion = 11.4.1;
					};
				};
			};
			buildConfigurationList = CC80244124846A8B00FE173C /* Build configuration list for PBXProject "Titlebar-TabBar" */;
			compatibilityVersion = "Xcode 9.3";
			developmentRegion = en;
			hasScannedForEncodings = 0;
			knownRegions = (
				en,
				Base,
			);
			mainGroup = CC80243D24846A8B00FE173C;
			productRefGroup = CC80244724846A8B00FE173C /* Products */;
			projectDirPath = "";
			projectRoot = "";
			targets = (
				CC80244524846A8B00FE173C /* Titlebar-TabBar */,
			);
		};
/* End PBXProject section */

/* Begin PBXResourcesBuildPhase section */
		CC80244424846A8B00FE173C /* Resources */ = {
			isa = PBXResourcesBuildPhase;
			buildActionMask = 2147483647;
			files = (
				CC80245C24846A8D00FE173C /* LaunchScreen.storyboard in Resources */,
				CC80245924846A8D00FE173C /* Assets.xcassets in Resources */,
			);
			runOnlyForDeploymentPostprocessing = 0;
		};
/* End PBXResourcesBuildPhase section */

/* Begin PBXSourcesBuildPhase section */
		CC80244224846A8B00FE173C /* Sources */ = {
			isa = PBXSourcesBuildPhase;
			buildActionMask = 2147483647;
			files = (
				CC80245F24846A8D00FE173C /* main.m in Sources */,
				CC80245424846A8B00FE173C /* SecondViewController.m in Sources */,
				CC80244B24846A8B00FE173C /* AppDelegate.m in Sources */,
				CC80245124846A8B00FE173C /* FirstViewController.m in Sources */,
				CC80244E24846A8B00FE173C /* SceneDelegate.m in Sources */,
			);
			runOnlyForDeploymentPostprocessing = 0;
		};
/* End PBXSourcesBuildPhase section */

/* Begin PBXVariantGroup section */
		CC80245A24846A8D00FE173C /* LaunchScreen.storyboard */ = {
			isa = PBXVariantGroup;
			children = (
				CC80245B24846A8D00FE173C /* Base */,
			);
			name = LaunchScreen.storyboard;
			sourceTree = "<group>";
		};
/* End PBXVariantGroup section */

/* Begin XCBuildConfiguration section */
		CC80246024846A8D00FE173C /* Debug */ = {
			isa = XCBuildConfiguration;
			buildSettings = {
				ALWAYS_SEARCH_USER_PATHS = NO;
				CLANG_ANALYZER_NONNULL = YES;
				CLANG_ANALYZER_NUMBER_OBJECT_CONVERSION = YES_AGGRESSIVE;
				CLANG_CXX_LANGUAGE_STANDARD = "gnu++14";
				CLANG_CXX_LIBRARY = "libc++";
				CLANG_ENABLE_MODULES = YES;
				CLANG_ENABLE_OBJC_ARC = YES;
				CLANG_ENABLE_OBJC_WEAK = YES;
				CLANG_WARN_BLOCK_CAPTURE_AUTORELEASING = YES;
				CLANG_WARN_BOOL_CONVERSION = YES;
				CLANG_WARN_COMMA = YES;
				CLANG_WARN_CONSTANT_CONVERSION = YES;
				CLANG_WARN_DEPRECATED_OBJC_IMPLEMENTATIONS = YES;
				CLANG_WARN_DIRECT_OBJC_ISA_USAGE = YES_ERROR;
				CLANG_WARN_DOCUMENTATION_COMMENTS = YES;
				CLANG_WARN_EMPTY_BODY = YES;
				CLANG_WARN_ENUM_CONVERSION = YES;
				CLANG_WARN_INFINITE_RECURSION = YES;
				CLANG_WARN_INT_CONVERSION = YES;
				CLANG_WARN_NON_LITERAL_NULL_CONVERSION = YES;
				CLANG_WARN_OBJC_IMPLICIT_RETAIN_SELF = YES;
				CLANG_WARN_OBJC_LITERAL_CONVERSION = YES;
				CLANG_WARN_OBJC_ROOT_CLASS = YES_ERROR;
				CLANG_WARN_RANGE_LOOP_ANALYSIS = YES;
				CLANG_WARN_STRICT_PROTOTYPES = YES;
				CLANG_WARN_SUSPICIOUS_MOVE = YES;
				CLANG_WARN_UNGUARDED_AVAILABILITY = YES_AGGRESSIVE;
				CLANG_WARN_UNREACHABLE_CODE = YES;
				CLANG_WARN__DUPLICATE_METHOD_MATCH = YES;
				COPY_PHASE_STRIP = NO;
				DEBUG_INFORMATION_FORMAT = dwarf;
				ENABLE_STRICT_OBJC_MSGSEND = YES;
				ENABLE_TESTABILITY = YES;
				GCC_C_LANGUAGE_STANDARD = gnu11;
				GCC_DYNAMIC_NO_PIC = NO;
				GCC_NO_COMMON_BLOCKS = YES;
				GCC_OPTIMIZATION_LEVEL = 0;
				GCC_PREPROCESSOR_DEFINITIONS = (
					"DEBUG=1",
					"$(inherited)",
				);
				GCC_WARN_64_TO_32_BIT_CONVERSION = YES;
				GCC_WARN_ABOUT_RETURN_TYPE = YES_ERROR;
				GCC_WARN_UNDECLARED_SELECTOR = YES;
				GCC_WARN_UNINITIALIZED_AUTOS = YES_AGGRESSIVE;
				GCC_WARN_UNUSED_FUNCTION = YES;
				GCC_WARN_UNUSED_VARIABLE = YES;
				IPHONEOS_DEPLOYMENT_TARGET = 13.4;
				MTL_ENABLE_DEBUG_INFO = INCLUDE_SOURCE;
				MTL_FAST_MATH = YES;
				ONLY_ACTIVE_ARCH = YES;
				SDKROOT = iphoneos;
			};
			name = Debug;
		};
		CC80246124846A8D00FE173C /* Release */ = {
			isa = XCBuildConfiguration;
			buildSettings = {
				ALWAYS_SEARCH_USER_PATHS = NO;
				CLANG_ANALYZER_NONNULL = YES;
				CLANG_ANALYZER_NUMBER_OBJECT_CONVERSION = YES_AGGRESSIVE;
				CLANG_CXX_LANGUAGE_STANDARD = "gnu++14";
				CLANG_CXX_LIBRARY = "libc++";
				CLANG_ENABLE_MODULES = YES;
				CLANG_ENABLE_OBJC_ARC = YES;
				CLANG_ENABLE_OBJC_WEAK = YES;
				CLANG_WARN_BLOCK_CAPTURE_AUTORELEASING = YES;
				CLANG_WARN_BOOL_CONVERSION = YES;
				CLANG_WARN_COMMA = YES;
				CLANG_WARN_CONSTANT_CONVERSION = YES;
				CLANG_WARN_DEPRECATED_OBJC_IMPLEMENTATIONS = YES;
				CLANG_WARN_DIRECT_OBJC_ISA_USAGE = YES_ERROR;
				CLANG_WARN_DOCUMENTATION_COMMENTS = YES;
				CLANG_WARN_EMPTY_BODY = YES;
				CLANG_WARN_ENUM_CONVERSION = YES;
				CLANG_WARN_INFINITE_RECURSION = YES;
				CLANG_WARN_INT_CONVERSION = YES;
				CLANG_WARN_NON_LITERAL_NULL_CONVERSION = YES;
				CLANG_WARN_OBJC_IMPLICIT_RETAIN_SELF = YES;
				CLANG_WARN_OBJC_LITERAL_CONVERSION = YES;
				CLANG_WARN_OBJC_ROOT_CLASS = YES_ERROR;
				CLANG_WARN_RANGE_LOOP_ANALYSIS = YES;
				CLANG_WARN_STRICT_PROTOTYPES = YES;
				CLANG_WARN_SUSPICIOUS_MOVE = YES;
				CLANG_WARN_UNGUARDED_AVAILABILITY = YES_AGGRESSIVE;
				CLANG_WARN_UNREACHABLE_CODE = YES;
				CLANG_WARN__DUPLICATE_METHOD_MATCH = YES;
				COPY_PHASE_STRIP = NO;
				DEBUG_INFORMATION_FORMAT = "dwarf-with-dsym";
				ENABLE_NS_ASSERTIONS = NO;
				ENABLE_STRICT_OBJC_MSGSEND = YES;
				GCC_C_LANGUAGE_STANDARD = gnu11;
				GCC_NO_COMMON_BLOCKS = YES;
				GCC_WARN_64_TO_32_BIT_CONVERSION = YES;
				GCC_WARN_ABOUT_RETURN_TYPE = YES_ERROR;
				GCC_WARN_UNDECLARED_SELECTOR = YES;
				GCC_WARN_UNINITIALIZED_AUTOS = YES_AGGRESSIVE;
				GCC_WARN_UNUSED_FUNCTION = YES;
				GCC_WARN_UNUSED_VARIABLE = YES;
				IPHONEOS_DEPLOYMENT_TARGET = 13.4;
				MTL_ENABLE_DEBUG_INFO = NO;
				MTL_FAST_MATH = YES;
				SDKROOT = iphoneos;
				VALIDATE_PRODUCT = YES;
			};
			name = Release;
		};
		CC80246324846A8D00FE173C /* Debug */ = {
			isa = XCBuildConfiguration;
			buildSettings = {
				ASSETCATALOG_COMPILER_APPICON_NAME = AppIcon;
				CODE_SIGN_ENTITLEMENTS = "Titlebar-TabBar/Titlebar-TabBar.entitlements";
				CODE_SIGN_STYLE = Automatic;
				DEVELOPMENT_TEAM = NFTL2336WY;
				INFOPLIST_FILE = "Titlebar-TabBar/Info.plist";
				IPHONEOS_DEPLOYMENT_TARGET = 13.0;
				LD_RUNPATH_SEARCH_PATHS = (
					"$(inherited)",
					"@executable_path/Frameworks",
				);
				PRODUCT_BUNDLE_IDENTIFIER = "com.ikyle.Titlebar-TabBar";
				PRODUCT_NAME = "$(TARGET_NAME)";
				SUPPORTS_MACCATALYST = YES;
				TARGETED_DEVICE_FAMILY = "1,2";
			};
			name = Debug;
		};
		CC80246424846A8D00FE173C /* Release */ = {
			isa = XCBuildConfiguration;
			buildSettings = {
				ASSETCATALOG_COMPILER_APPICON_NAME = AppIcon;
				CODE_SIGN_ENTITLEMENTS = "Titlebar-TabBar/Titlebar-TabBar.entitlements";
				CODE_SIGN_STYLE = Automatic;
				DEVELOPMENT_TEAM = NFTL2336WY;
				INFOPLIST_FILE = "Titlebar-TabBar/Info.plist";
				IPHONEOS_DEPLOYMENT_TARGET = 13.0;
				LD_RUNPATH_SEARCH_PATHS = (
					"$(inherited)",
					"@executable_path/Frameworks",
				);
				PRODUCT_BUNDLE_IDENTIFIER = "com.ikyle.Titlebar-TabBar";
				PRODUCT_NAME = "$(TARGET_NAME)";
				SUPPORTS_MACCATALYST = YES;
				TARGETED_DEVICE_FAMILY = "1,2";
			};
			name = Release;
		};
/* End XCBuildConfiguration section */

/* Begin XCConfigurationList section */
		CC80244124846A8B00FE173C /* Build configuration list for PBXProject "Titlebar-TabBar" */ = {
			isa = XCConfigurationList;
			buildConfigurations = (
				CC80246024846A8D00FE173C /* Debug */,
				CC80246124846A8D00FE173C /* Release */,
			);
			defaultConfigurationIsVisible = 0;
			defaultConfigurationName = Release;
		};
		CC80246224846A8D00FE173C /* Build configuration list for PBXNativeTarget "Titlebar-TabBar" */ = {
			isa = XCConfigurationList;
			buildConfigurations = (
				CC80246324846A8D00FE173C /* Debug */,
				CC80246424846A8D00FE173C /* Release */,
			);
			defaultConfigurationIsVisible = 0;
			defaultConfigurationName = Release;
		};
/* End XCConfigurationList section */
	};
	rootObject = CC80243E24846A8B00FE173C /* Project object */;
}
