// !$*UTF8*$!
{
	archiveVersion = 1;
	classes = {
	};
	objectVersion = 50;
	objects = {

/* Begin PBXBuildFile section */
		CC946E0124A187DF003E0AE1 /* AppDelegate.m in Sources */ = {isa = PBXBuildFile; fileRef = CC946E0024A187DF003E0AE1 /* AppDelegate.m */; };
		CC946E0424A187DF003E0AE1 /* SceneDelegate.m in Sources */ = {isa = PBXBuildFile; fileRef = CC946E0324A187DF003E0AE1 /* SceneDelegate.m */; };
		CC946E0724A187DF003E0AE1 /* ViewController.m in Sources */ = {isa = PBXBuildFile; fileRef = CC946E0624A187DF003E0AE1 /* ViewController.m */; };
		CC946E0C24A187E1003E0AE1 /* Assets.xcassets in Resources */ = {isa = PBXBuildFile; fileRef = CC946E0B24A187E1003E0AE1 /* Assets.xcassets */; };
		CC946E0F24A187E1003E0AE1 /* LaunchScreen.storyboard in Resources */ = {isa = PBXBuildFile; fileRef = CC946E0D24A187E1003E0AE1 /* LaunchScreen.storyboard */; };
		CC946E1224A187E1003E0AE1 /* main.m in Sources */ = {isa = PBXBuildFile; fileRef = CC946E1124A187E1003E0AE1 /* main.m */; };
/* End PBXBuildFile section */

/* Begin PBXFileReference section */
		CC946DFC24A187DF003E0AE1 /* Photo Picker ObjC.app */ = {isa = PBXFileReference; explicitFileType = wrapper.application; includeInIndex = 0; path = "Photo Picker ObjC.app"; sourceTree = BUILT_PRODUCTS_DIR; };
		CC946DFF24A187DF003E0AE1 /* AppDelegate.h */ = {isa = PBXFileReference; lastKnownFileType = sourcecode.c.h; path = AppDelegate.h; sourceTree = "<group>"; };
		CC946E0024A187DF003E0AE1 /* AppDelegate.m */ = {isa = PBXFileReference; lastKnownFileType = sourcecode.c.objc; path = AppDelegate.m; sourceTree = "<group>"; };
		CC946E0224A187DF003E0AE1 /* SceneDelegate.h */ = {isa = PBXFileReference; lastKnownFileType = sourcecode.c.h; path = SceneDelegate.h; sourceTree = "<group>"; };
		CC946E0324A187DF003E0AE1 /* SceneDelegate.m */ = {isa = PBXFileReference; lastKnownFileType = sourcecode.c.objc; path = SceneDelegate.m; sourceTree = "<group>"; };
		CC946E0524A187DF003E0AE1 /* ViewController.h */ = {isa = PBXFileReference; lastKnownFileType = sourcecode.c.h; path = ViewController.h; sourceTree = "<group>"; };
		CC946E0624A187DF003E0AE1 /* ViewController.m */ = {isa = PBXFileReference; lastKnownFileType = sourcecode.c.objc; path = ViewController.m; sourceTree = "<group>"; };
		CC946E0B24A187E1003E0AE1 /* Assets.xcassets */ = {isa = PBXFileReference; lastKnownFileType = folder.assetcatalog; path = Assets.xcassets; sourceTree = "<group>"; };
		CC946E0E24A187E1003E0AE1 /* Base */ = {isa = PBXFileReference; lastKnownFileType = file.storyboard; name = Base; path = Base.lproj/LaunchScreen.storyboard; sourceTree = "<group>"; };
		CC946E1024A187E1003E0AE1 /* Info.plist */ = {isa = PBXFileReference; lastKnownFileType = text.plist.xml; path = Info.plist; sourceTree = "<group>"; };
		CC946E1124A187E1003E0AE1 /* main.m */ = {isa = PBXFileReference; lastKnownFileType = sourcecode.c.objc; path = main.m; sourceTree = "<group>"; };
/* End PBXFileReference section */

/* Begin PBXFrameworksBuildPhase section */
		CC946DF924A187DF003E0AE1 /* Frameworks */ = {
			isa = PBXFrameworksBuildPhase;
			buildActionMask = 2147483647;
			files = (
			);
			runOnlyForDeploymentPostprocessing = 0;
		};
/* End PBXFrameworksBuildPhase section */

/* Begin PBXGroup section */
		CC946DF324A187DF003E0AE1 = {
			isa = PBXGroup;
			children = (
				CC946DFE24A187DF003E0AE1 /* Photo Picker ObjC */,
				CC946DFD24A187DF003E0AE1 /* Products */,
			);
			sourceTree = "<group>";
		};
		CC946DFD24A187DF003E0AE1 /* Products */ = {
			isa = PBXGroup;
			children = (
				CC946DFC24A187DF003E0AE1 /* Photo Picker ObjC.app */,
			);
			name = Products;
			sourceTree = "<group>";
		};
		CC946DFE24A187DF003E0AE1 /* Photo Picker ObjC */ = {
			isa = PBXGroup;
			children = (
				CC946DFF24A187DF003E0AE1 /* AppDelegate.h */,
				CC946E0024A187DF003E0AE1 /* AppDelegate.m */,
				CC946E0224A187DF003E0AE1 /* SceneDelegate.h */,
				CC946E0324A187DF003E0AE1 /* SceneDelegate.m */,
				CC946E0524A187DF003E0AE1 /* ViewController.h */,
				CC946E0624A187DF003E0AE1 /* ViewController.m */,
				CC946E0B24A187E1003E0AE1 /* Assets.xcassets */,
				CC946E0D24A187E1003E0AE1 /* LaunchScreen.storyboard */,
				CC946E1024A187E1003E0AE1 /* Info.plist */,
				CC946E1124A187E1003E0AE1 /* main.m */,
			);
			path = "Photo Picker ObjC";
			sourceTree = "<group>";
		};
/* End PBXGroup section */

/* Begin PBXNativeTarget section */
		CC946DFB24A187DF003E0AE1 /* Photo Picker ObjC */ = {
			isa = PBXNativeTarget;
			buildConfigurationList = CC946E2B24A187E1003E0AE1 /* Build configuration list for PBXNativeTarget "Photo Picker ObjC" */;
			buildPhases = (
				CC946DF824A187DF003E0AE1 /* Sources */,
				CC946DF924A187DF003E0AE1 /* Frameworks */,
				CC946DFA24A187DF003E0AE1 /* Resources */,
			);
			buildRules = (
			);
			dependencies = (
			);
			name = "Photo Picker ObjC";
			productName = "Photo Picker ObjC";
			productReference = CC946DFC24A187DF003E0AE1 /* Photo Picker ObjC.app */;
			productType = "com.apple.product-type.application";
		};
/* End PBXNativeTarget section */

/* Begin PBXProject section */
		CC946DF424A187DF003E0AE1 /* Project object */ = {
			isa = PBXProject;
			attributes = {
				LastUpgradeCheck = 1200;
				TargetAttributes = {
					CC946DFB24A187DF003E0AE1 = {
						CreatedOnToolsVersion = 12.0;
					};
				};
			};
			buildConfigurationList = CC946DF724A187DF003E0AE1 /* Build configuration list for PBXProject "Photo Picker ObjC" */;
			compatibilityVersion = "Xcode 9.3";
			developmentRegion = en;
			hasScannedForEncodings = 0;
			knownRegions = (
				en,
				Base,
			);
			mainGroup = CC946DF324A187DF003E0AE1;
			productRefGroup = CC946DFD24A187DF003E0AE1 /* Products */;
			projectDirPath = "";
			projectRoot = "";
			targets = (
				CC946DFB24A187DF003E0AE1 /* Photo Picker ObjC */,
			);
		};
/* End PBXProject section */

/* Begin PBXResourcesBuildPhase section */
		CC946DFA24A187DF003E0AE1 /* Resources */ = {
			isa = PBXResourcesBuildPhase;
			buildActionMask = 2147483647;
			files = (
				CC946E0F24A187E1003E0AE1 /* LaunchScreen.storyboard in Resources */,
				CC946E0C24A187E1003E0AE1 /* Assets.xcassets in Resources */,
			);
			runOnlyForDeploymentPostprocessing = 0;
		};
/* End PBXResourcesBuildPhase section */

/* Begin PBXSourcesBuildPhase section */
		CC946DF824A187DF003E0AE1 /* Sources */ = {
			isa = PBXSourcesBuildPhase;
			buildActionMask = 2147483647;
			files = (
				CC946E0724A187DF003E0AE1 /* ViewController.m in Sources */,
				CC946E0124A187DF003E0AE1 /* AppDelegate.m in Sources */,
				CC946E1224A187E1003E0AE1 /* main.m in Sources */,
				CC946E0424A187DF003E0AE1 /* SceneDelegate.m in Sources */,
			);
			runOnlyForDeploymentPostprocessing = 0;
		};
/* End PBXSourcesBuildPhase section */

/* Begin PBXVariantGroup section */
		CC946E0D24A187E1003E0AE1 /* LaunchScreen.storyboard */ = {
			isa = PBXVariantGroup;
			children = (
				CC946E0E24A187E1003E0AE1 /* Base */,
			);
			name = LaunchScreen.storyboard;
			sourceTree = "<group>";
		};
/* End PBXVariantGroup section */

/* Begin XCBuildConfiguration section */
		CC946E2924A187E1003E0AE1 /* Debug */ = {
			isa = XCBuildConfiguration;
			buildSettings = {
				ALWAYS_SEARCH_USER_PATHS = NO;
				CLANG_ANALYZER_NONNULL = YES;
				CLANG_ANALYZER_NUMBER_OBJECT_CONVERSION = YES_AGGRESSIVE;
				CLANG_CXX_LANGUAGE_STANDARD = "gnu++14";
				CLANG_CXX_LIBRARY = "libc++";
				CLANG_ENABLE_MODULES = YES;
				CLANG_ENABLE_OBJC_ARC = YES;
				CLANG_ENABLE_OBJC_WEAK = YES;
				CLANG_WARN_BLOCK_CAPTURE_AUTORELEASING = YES;
				CLANG_WARN_BOOL_CONVERSION = YES;
				CLANG_WARN_COMMA = YES;
				CLANG_WARN_CONSTANT_CONVERSION = YES;
				CLANG_WARN_DEPRECATED_OBJC_IMPLEMENTATIONS = YES;
				CLANG_WARN_DIRECT_OBJC_ISA_USAGE = YES_ERROR;
				CLANG_WARN_DOCUMENTATION_COMMENTS = YES;
				CLANG_WARN_EMPTY_BODY = YES;
				CLANG_WARN_ENUM_CONVERSION = YES;
				CLANG_WARN_INFINITE_RECURSION = YES;
				CLANG_WARN_INT_CONVERSION = YES;
				CLANG_WARN_NON_LITERAL_NULL_CONVERSION = YES;
				CLANG_WARN_OBJC_IMPLICIT_RETAIN_SELF = YES;
				CLANG_WARN_OBJC_LITERAL_CONVERSION = YES;
				CLANG_WARN_OBJC_ROOT_CLASS = YES_ERROR;
				CLANG_WARN_QUOTED_INCLUDE_IN_FRAMEWORK_HEADER = YES;
				CLANG_WARN_RANGE_LOOP_ANALYSIS = YES;
				CLANG_WARN_STRICT_PROTOTYPES = YES;
				CLANG_WARN_SUSPICIOUS_MOVE = YES;
				CLANG_WARN_UNGUARDED_AVAILABILITY = YES_AGGRESSIVE;
				CLANG_WARN_UNREACHABLE_CODE = YES;
				CLANG_WARN__DUPLICATE_METHOD_MATCH = YES;
				COPY_PHASE_STRIP = NO;
				DEBUG_INFORMATION_FORMAT = dwarf;
				ENABLE_STRICT_OBJC_MSGSEND = YES;
				ENABLE_TESTABILITY = YES;
				GCC_C_LANGUAGE_STANDARD = gnu11;
				GCC_DYNAMIC_NO_PIC = NO;
				GCC_NO_COMMON_BLOCKS = YES;
				GCC_OPTIMIZATION_LEVEL = 0;
				GCC_PREPROCESSOR_DEFINITIONS = (
					"DEBUG=1",
					"$(inherited)",
				);
				GCC_WARN_64_TO_32_BIT_CONVERSION = YES;
				GCC_WARN_ABOUT_RETURN_TYPE = YES_ERROR;
				GCC_WARN_UNDECLARED_SELECTOR = YES;
				GCC_WARN_UNINITIALIZED_AUTOS = YES_AGGRESSIVE;
				GCC_WARN_UNUSED_FUNCTION = YES;
				GCC_WARN_UNUSED_VARIABLE = YES;
				IPHONEOS_DEPLOYMENT_TARGET = 14.0;
				MTL_ENABLE_DEBUG_INFO = INCLUDE_SOURCE;
				MTL_FAST_MATH = YES;
				ONLY_ACTIVE_ARCH = YES;
				SDKROOT = iphoneos;
			};
			name = Debug;
		};
		CC946E2A24A187E1003E0AE1 /* Release */ = {
			isa = XCBuildConfiguration;
			buildSettings = {
				ALWAYS_SEARCH_USER_PATHS = NO;
				CLANG_ANALYZER_NONNULL = YES;
				CLANG_ANALYZER_NUMBER_OBJECT_CONVERSION = YES_AGGRESSIVE;
				CLANG_CXX_LANGUAGE_STANDARD = "gnu++14";
				CLANG_CXX_LIBRARY = "libc++";
				CLANG_ENABLE_MODULES = YES;
				CLANG_ENABLE_OBJC_ARC = YES;
				CLANG_ENABLE_OBJC_WEAK = YES;
				CLANG_WARN_BLOCK_CAPTURE_AUTORELEASING = YES;
				CLANG_WARN_BOOL_CONVERSION = YES;
				CLANG_WARN_COMMA = YES;
				CLANG_WARN_CONSTANT_CONVERSION = YES;
				CLANG_WARN_DEPRECATED_OBJC_IMPLEMENTATIONS = YES;
				CLANG_WARN_DIRECT_OBJC_ISA_USAGE = YES_ERROR;
				CLANG_WARN_DOCUMENTATION_COMMENTS = YES;
				CLANG_WARN_EMPTY_BODY = YES;
				CLANG_WARN_ENUM_CONVERSION = YES;
				CLANG_WARN_INFINITE_RECURSION = YES;
				CLANG_WARN_INT_CONVERSION = YES;
				CLANG_WARN_NON_LITERAL_NULL_CONVERSION = YES;
				CLANG_WARN_OBJC_IMPLICIT_RETAIN_SELF = YES;
				CLANG_WARN_OBJC_LITERAL_CONVERSION = YES;
				CLANG_WARN_OBJC_ROOT_CLASS = YES_ERROR;
				CLANG_WARN_QUOTED_INCLUDE_IN_FRAMEWORK_HEADER = YES;
				CLANG_WARN_RANGE_LOOP_ANALYSIS = YES;
				CLANG_WARN_STRICT_PROTOTYPES = YES;
				CLANG_WARN_SUSPICIOUS_MOVE = YES;
				CLANG_WARN_UNGUARDED_AVAILABILITY = YES_AGGRESSIVE;
				CLANG_WARN_UNREACHABLE_CODE = YES;
				CLANG_WARN__DUPLICATE_METHOD_MATCH = YES;
				COPY_PHASE_STRIP = NO;
				DEBUG_INFORMATION_FORMAT = "dwarf-with-dsym";
				ENABLE_NS_ASSERTIONS = NO;
				ENABLE_STRICT_OBJC_MSGSEND = YES;
				GCC_C_LANGUAGE_STANDARD = gnu11;
				GCC_NO_COMMON_BLOCKS = YES;
				GCC_WARN_64_TO_32_BIT_CONVERSION = YES;
				GCC_WARN_ABOUT_RETURN_TYPE = YES_ERROR;
				GCC_WARN_UNDECLARED_SELECTOR = YES;
				GCC_WARN_UNINITIALIZED_AUTOS = YES_AGGRESSIVE;
				GCC_WARN_UNUSED_FUNCTION = YES;
				GCC_WARN_UNUSED_VARIABLE = YES;
				IPHONEOS_DEPLOYMENT_TARGET = 14.0;
				MTL_ENABLE_DEBUG_INFO = NO;
				MTL_FAST_MATH = YES;
				SDKROOT = iphoneos;
				VALIDATE_PRODUCT = YES;
			};
			name = Release;
		};
		CC946E2C24A187E1003E0AE1 /* Debug */ = {
			isa = XCBuildConfiguration;
			buildSettings = {
				ASSETCATALOG_COMPILER_APPICON_NAME = AppIcon;
				ASSETCATALOG_COMPILER_GLOBAL_ACCENT_COLOR_NAME = AccentColor;
				CODE_SIGN_STYLE = Automatic;
				DEVELOPMENT_TEAM = NFTL2336WY;
				INFOPLIST_FILE = "Photo Picker ObjC/Info.plist";
				LD_RUNPATH_SEARCH_PATHS = (
					"$(inherited)",
					"@executable_path/Frameworks",
				);
				PRODUCT_BUNDLE_IDENTIFIER = "com.ikyle.Photo-Picker-ObjC";
				PRODUCT_NAME = "$(TARGET_NAME)";
				TARGETED_DEVICE_FAMILY = "1,2";
			};
			name = Debug;
		};
		CC946E2D24A187E1003E0AE1 /* Release */ = {
			isa = XCBuildConfiguration;
			buildSettings = {
				ASSETCATALOG_COMPILER_APPICON_NAME = AppIcon;
				ASSETCATALOG_COMPILER_GLOBAL_ACCENT_COLOR_NAME = AccentColor;
				CODE_SIGN_STYLE = Automatic;
				DEVELOPMENT_TEAM = NFTL2336WY;
				INFOPLIST_FILE = "Photo Picker ObjC/Info.plist";
				LD_RUNPATH_SEARCH_PATHS = (
					"$(inherited)",
					"@executable_path/Frameworks",
				);
				PRODUCT_BUNDLE_IDENTIFIER = "com.ikyle.Photo-Picker-ObjC";
				PRODUCT_NAME = "$(TARGET_NAME)";
				TARGETED_DEVICE_FAMILY = "1,2";
			};
			name = Release;
		};
/* End XCBuildConfiguration section */

/* Begin XCConfigurationList section */
		CC946DF724A187DF003E0AE1 /* Build configuration list for PBXProject "Photo Picker ObjC" */ = {
			isa = XCConfigurationList;
			buildConfigurations = (
				CC946E2924A187E1003E0AE1 /* Debug */,
				CC946E2A24A187E1003E0AE1 /* Release */,
			);
			defaultConfigurationIsVisible = 0;
			defaultConfigurationName = Release;
		};
		CC946E2B24A187E1003E0AE1 /* Build configuration list for PBXNativeTarget "Photo Picker ObjC" */ = {
			isa = XCConfigurationList;
			buildConfigurations = (
				CC946E2C24A187E1003E0AE1 /* Debug */,
				CC946E2D24A187E1003E0AE1 /* Release */,
			);
			defaultConfigurationIsVisible = 0;
			defaultConfigurationName = Release;
		};
/* End XCConfigurationList section */
	};
	rootObject = CC946DF424A187DF003E0AE1 /* Project object */;
}
