// !$*UTF8*$!
{
	archiveVersion = 1;
	classes = {
	};
	objectVersion = 50;
	objects = {

/* Begin PBXBuildFile section */
		CCBBC8B124AD2ECF0059B4D6 /* AppDelegate.m in Sources */ = {isa = PBXBuildFile; fileRef = CCBBC8B024AD2ECF0059B4D6 /* AppDelegate.m */; };
		CCBBC8B424AD2ECF0059B4D6 /* SceneDelegate.m in Sources */ = {isa = PBXBuildFile; fileRef = CCBBC8B324AD2ECF0059B4D6 /* SceneDelegate.m */; };
		CCBBC8B724AD2ECF0059B4D6 /* ViewController.m in Sources */ = {isa = PBXBuildFile; fileRef = CCBBC8B624AD2ECF0059B4D6 /* ViewController.m */; };
		CCBBC8BC24AD2ED10059B4D6 /* Assets.xcassets in Resources */ = {isa = PBXBuildFile; fileRef = CCBBC8BB24AD2ED10059B4D6 /* Assets.xcassets */; };
		CCBBC8BF24AD2ED10059B4D6 /* LaunchScreen.storyboard in Resources */ = {isa = PBXBuildFile; fileRef = CCBBC8BD24AD2ED10059B4D6 /* LaunchScreen.storyboard */; };
		CCBBC8C224AD2ED10059B4D6 /* main.m in Sources */ = {isa = PBXBuildFile; fileRef = CCBBC8C124AD2ED10059B4D6 /* main.m */; };
/* End PBXBuildFile section */

/* Begin PBXFileReference section */
		CCBBC8AC24AD2ECF0059B4D6 /* ObjC Live Preview.app */ = {isa = PBXFileReference; explicitFileType = wrapper.application; includeInIndex = 0; path = "ObjC Live Preview.app"; sourceTree = BUILT_PRODUCTS_DIR; };
		CCBBC8AF24AD2ECF0059B4D6 /* AppDelegate.h */ = {isa = PBXFileReference; lastKnownFileType = sourcecode.c.h; path = AppDelegate.h; sourceTree = "<group>"; };
		CCBBC8B024AD2ECF0059B4D6 /* AppDelegate.m */ = {isa = PBXFileReference; lastKnownFileType = sourcecode.c.objc; path = AppDelegate.m; sourceTree = "<group>"; };
		CCBBC8B224AD2ECF0059B4D6 /* SceneDelegate.h */ = {isa = PBXFileReference; lastKnownFileType = sourcecode.c.h; path = SceneDelegate.h; sourceTree = "<group>"; };
		CCBBC8B324AD2ECF0059B4D6 /* SceneDelegate.m */ = {isa = PBXFileReference; lastKnownFileType = sourcecode.c.objc; path = SceneDelegate.m; sourceTree = "<group>"; };
		CCBBC8B524AD2ECF0059B4D6 /* ViewController.h */ = {isa = PBXFileReference; lastKnownFileType = sourcecode.c.h; path = ViewController.h; sourceTree = "<group>"; };
		CCBBC8B624AD2ECF0059B4D6 /* ViewController.m */ = {isa = PBXFileReference; lastKnownFileType = sourcecode.c.objc; path = ViewController.m; sourceTree = "<group>"; };
		CCBBC8BB24AD2ED10059B4D6 /* Assets.xcassets */ = {isa = PBXFileReference; lastKnownFileType = folder.assetcatalog; path = Assets.xcassets; sourceTree = "<group>"; };
		CCBBC8BE24AD2ED10059B4D6 /* Base */ = {isa = PBXFileReference; lastKnownFileType = file.storyboard; name = Base; path = Base.lproj/LaunchScreen.storyboard; sourceTree = "<group>"; };
		CCBBC8C024AD2ED10059B4D6 /* Info.plist */ = {isa = PBXFileReference; lastKnownFileType = text.plist.xml; path = Info.plist; sourceTree = "<group>"; };
		CCBBC8C124AD2ED10059B4D6 /* main.m */ = {isa = PBXFileReference; lastKnownFileType = sourcecode.c.objc; path = main.m; sourceTree = "<group>"; };
/* End PBXFileReference section */

/* Begin PBXFrameworksBuildPhase section */
		CCBBC8A924AD2ECF0059B4D6 /* Frameworks */ = {
			isa = PBXFrameworksBuildPhase;
			buildActionMask = 2147483647;
			files = (
			);
			runOnlyForDeploymentPostprocessing = 0;
		};
/* End PBXFrameworksBuildPhase section */

/* Begin PBXGroup section */
		CCBBC8A324AD2ECF0059B4D6 = {
			isa = PBXGroup;
			children = (
				CCBBC8AE24AD2ECF0059B4D6 /* Live Preview */,
				CCBBC8AD24AD2ECF0059B4D6 /* Products */,
			);
			sourceTree = "<group>";
		};
		CCBBC8AD24AD2ECF0059B4D6 /* Products */ = {
			isa = PBXGroup;
			children = (
				CCBBC8AC24AD2ECF0059B4D6 /* ObjC Live Preview.app */,
			);
			name = Products;
			sourceTree = "<group>";
		};
		CCBBC8AE24AD2ECF0059B4D6 /* Live Preview */ = {
			isa = PBXGroup;
			children = (
				CCBBC8AF24AD2ECF0059B4D6 /* AppDelegate.h */,
				CCBBC8B024AD2ECF0059B4D6 /* AppDelegate.m */,
				CCBBC8B224AD2ECF0059B4D6 /* SceneDelegate.h */,
				CCBBC8B324AD2ECF0059B4D6 /* SceneDelegate.m */,
				CCBBC8B524AD2ECF0059B4D6 /* ViewController.h */,
				CCBBC8B624AD2ECF0059B4D6 /* ViewController.m */,
				CCBBC8BB24AD2ED10059B4D6 /* Assets.xcassets */,
				CCBBC8BD24AD2ED10059B4D6 /* LaunchScreen.storyboard */,
				CCBBC8C024AD2ED10059B4D6 /* Info.plist */,
				CCBBC8C124AD2ED10059B4D6 /* main.m */,
			);
			path = "Live Preview";
			sourceTree = "<group>";
		};
/* End PBXGroup section */

/* Begin PBXNativeTarget section */
		CCBBC8AB24AD2ECF0059B4D6 /* ObjC Live Preview */ = {
			isa = PBXNativeTarget;
			buildConfigurationList = CCBBC8C524AD2ED10059B4D6 /* Build configuration list for PBXNativeTarget "ObjC Live Preview" */;
			buildPhases = (
				CCBBC8A824AD2ECF0059B4D6 /* Sources */,
				CCBBC8A924AD2ECF0059B4D6 /* Frameworks */,
				CCBBC8AA24AD2ECF0059B4D6 /* Resources */,
			);
			buildRules = (
			);
			dependencies = (
			);
			name = "ObjC Live Preview";
			productName = "Live Preview";
			productReference = CCBBC8AC24AD2ECF0059B4D6 /* ObjC Live Preview.app */;
			productType = "com.apple.product-type.application";
		};
/* End PBXNativeTarget section */

/* Begin PBXProject section */
		CCBBC8A424AD2ECF0059B4D6 /* Project object */ = {
			isa = PBXProject;
			attributes = {
				LastUpgradeCheck = 1150;
				ORGANIZATIONNAME = "Kyle Howells";
				TargetAttributes = {
					CCBBC8AB24AD2ECF0059B4D6 = {
						CreatedOnToolsVersion = 11.5;
					};
				};
			};
			buildConfigurationList = CCBBC8A724AD2ECF0059B4D6 /* Build configuration list for PBXProject "ObjC Live Preview" */;
			compatibilityVersion = "Xcode 9.3";
			developmentRegion = en;
			hasScannedForEncodings = 0;
			knownRegions = (
				en,
				Base,
			);
			mainGroup = CCBBC8A324AD2ECF0059B4D6;
			productRefGroup = CCBBC8AD24AD2ECF0059B4D6 /* Products */;
			projectDirPath = "";
			projectRoot = "";
			targets = (
				CCBBC8AB24AD2ECF0059B4D6 /* ObjC Live Preview */,
			);
		};
/* End PBXProject section */

/* Begin PBXResourcesBuildPhase section */
		CCBBC8AA24AD2ECF0059B4D6 /* Resources */ = {
			isa = PBXResourcesBuildPhase;
			buildActionMask = 2147483647;
			files = (
				CCBBC8BF24AD2ED10059B4D6 /* LaunchScreen.storyboard in Resources */,
				CCBBC8BC24AD2ED10059B4D6 /* Assets.xcassets in Resources */,
			);
			runOnlyForDeploymentPostprocessing = 0;
		};
/* End PBXResourcesBuildPhase section */

/* Begin PBXSourcesBuildPhase section */
		CCBBC8A824AD2ECF0059B4D6 /* Sources */ = {
			isa = PBXSourcesBuildPhase;
			buildActionMask = 2147483647;
			files = (
				CCBBC8B724AD2ECF0059B4D6 /* ViewController.m in Sources */,
				CCBBC8B124AD2ECF0059B4D6 /* AppDelegate.m in Sources */,
				CCBBC8C224AD2ED10059B4D6 /* main.m in Sources */,
				CCBBC8B424AD2ECF0059B4D6 /* SceneDelegate.m in Sources */,
			);
			runOnlyForDeploymentPostprocessing = 0;
		};
/* End PBXSourcesBuildPhase section */

/* Begin PBXVariantGroup section */
		CCBBC8BD24AD2ED10059B4D6 /* LaunchScreen.storyboard */ = {
			isa = PBXVariantGroup;
			children = (
				CCBBC8BE24AD2ED10059B4D6 /* Base */,
			);
			name = LaunchScreen.storyboard;
			sourceTree = "<group>";
		};
/* End PBXVariantGroup section */

/* Begin XCBuildConfiguration section */
		CCBBC8C324AD2ED10059B4D6 /* Debug */ = {
			isa = XCBuildConfiguration;
			buildSettings = {
				ALWAYS_SEARCH_USER_PATHS = NO;
				CLANG_ANALYZER_NONNULL = YES;
				CLANG_ANALYZER_NUMBER_OBJECT_CONVERSION = YES_AGGRESSIVE;
				CLANG_CXX_LANGUAGE_STANDARD = "gnu++14";
				CLANG_CXX_LIBRARY = "libc++";
				CLANG_ENABLE_MODULES = YES;
				CLANG_ENABLE_OBJC_ARC = YES;
				CLANG_ENABLE_OBJC_WEAK = YES;
				CLANG_WARN_BLOCK_CAPTURE_AUTORELEASING = YES;
				CLANG_WARN_BOOL_CONVERSION = YES;
				CLANG_WARN_COMMA = YES;
				CLANG_WARN_CONSTANT_CONVERSION = YES;
				CLANG_WARN_DEPRECATED_OBJC_IMPLEMENTATIONS = YES;
				CLANG_WARN_DIRECT_OBJC_ISA_USAGE = YES_ERROR;
				CLANG_WARN_DOCUMENTATION_COMMENTS = YES;
				CLANG_WARN_EMPTY_BODY = YES;
				CLANG_WARN_ENUM_CONVERSION = YES;
				CLANG_WARN_INFINITE_RECURSION = YES;
				CLANG_WARN_INT_CONVERSION = YES;
				CLANG_WARN_NON_LITERAL_NULL_CONVERSION = YES;
				CLANG_WARN_OBJC_IMPLICIT_RETAIN_SELF = YES;
				CLANG_WARN_OBJC_LITERAL_CONVERSION = YES;
				CLANG_WARN_OBJC_ROOT_CLASS = YES_ERROR;
				CLANG_WARN_RANGE_LOOP_ANALYSIS = YES;
				CLANG_WARN_STRICT_PROTOTYPES = YES;
				CLANG_WARN_SUSPICIOUS_MOVE = YES;
				CLANG_WARN_UNGUARDED_AVAILABILITY = YES_AGGRESSIVE;
				CLANG_WARN_UNREACHABLE_CODE = YES;
				CLANG_WARN__DUPLICATE_METHOD_MATCH = YES;
				COPY_PHASE_STRIP = NO;
				DEBUG_INFORMATION_FORMAT = dwarf;
				ENABLE_STRICT_OBJC_MSGSEND = YES;
				ENABLE_TESTABILITY = YES;
				GCC_C_LANGUAGE_STANDARD = gnu11;
				GCC_DYNAMIC_NO_PIC = NO;
				GCC_NO_COMMON_BLOCKS = YES;
				GCC_OPTIMIZATION_LEVEL = 0;
				GCC_PREPROCESSOR_DEFINITIONS = (
					"DEBUG=1",
					"$(inherited)",
				);
				GCC_WARN_64_TO_32_BIT_CONVERSION = YES;
				GCC_WARN_ABOUT_RETURN_TYPE = YES_ERROR;
				GCC_WARN_UNDECLARED_SELECTOR = YES;
				GCC_WARN_UNINITIALIZED_AUTOS = YES_AGGRESSIVE;
				GCC_WARN_UNUSED_FUNCTION = YES;
				GCC_WARN_UNUSED_VARIABLE = YES;
				IPHONEOS_DEPLOYMENT_TARGET = 13.5;
				MTL_ENABLE_DEBUG_INFO = INCLUDE_SOURCE;
				MTL_FAST_MATH = YES;
				ONLY_ACTIVE_ARCH = YES;
				SDKROOT = iphoneos;
			};
			name = Debug;
		};
		CCBBC8C424AD2ED10059B4D6 /* Release */ = {
			isa = XCBuildConfiguration;
			buildSettings = {
				ALWAYS_SEARCH_USER_PATHS = NO;
				CLANG_ANALYZER_NONNULL = YES;
				CLANG_ANALYZER_NUMBER_OBJECT_CONVERSION = YES_AGGRESSIVE;
				CLANG_CXX_LANGUAGE_STANDARD = "gnu++14";
				CLANG_CXX_LIBRARY = "libc++";
				CLANG_ENABLE_MODULES = YES;
				CLANG_ENABLE_OBJC_ARC = YES;
				CLANG_ENABLE_OBJC_WEAK = YES;
				CLANG_WARN_BLOCK_CAPTURE_AUTORELEASING = YES;
				CLANG_WARN_BOOL_CONVERSION = YES;
				CLANG_WARN_COMMA = YES;
				CLANG_WARN_CONSTANT_CONVERSION = YES;
				CLANG_WARN_DEPRECATED_OBJC_IMPLEMENTATIONS = YES;
				CLANG_WARN_DIRECT_OBJC_ISA_USAGE = YES_ERROR;
				CLANG_WARN_DOCUMENTATION_COMMENTS = YES;
				CLANG_WARN_EMPTY_BODY = YES;
				CLANG_WARN_ENUM_CONVERSION = YES;
				CLANG_WARN_INFINITE_RECURSION = YES;
				CLANG_WARN_INT_CONVERSION = YES;
				CLANG_WARN_NON_LITERAL_NULL_CONVERSION = YES;
				CLANG_WARN_OBJC_IMPLICIT_RETAIN_SELF = YES;
				CLANG_WARN_OBJC_LITERAL_CONVERSION = YES;
				CLANG_WARN_OBJC_ROOT_CLASS = YES_ERROR;
				CLANG_WARN_RANGE_LOOP_ANALYSIS = YES;
				CLANG_WARN_STRICT_PROTOTYPES = YES;
				CLANG_WARN_SUSPICIOUS_MOVE = YES;
				CLANG_WARN_UNGUARDED_AVAILABILITY = YES_AGGRESSIVE;
				CLANG_WARN_UNREACHABLE_CODE = YES;
				CLANG_WARN__DUPLICATE_METHOD_MATCH = YES;
				COPY_PHASE_STRIP = NO;
				DEBUG_INFORMATION_FORMAT = "dwarf-with-dsym";
				ENABLE_NS_ASSERTIONS = NO;
				ENABLE_STRICT_OBJC_MSGSEND = YES;
				GCC_C_LANGUAGE_STANDARD = gnu11;
				GCC_NO_COMMON_BLOCKS = YES;
				GCC_WARN_64_TO_32_BIT_CONVERSION = YES;
				GCC_WARN_ABOUT_RETURN_TYPE = YES_ERROR;
				GCC_WARN_UNDECLARED_SELECTOR = YES;
				GCC_WARN_UNINITIALIZED_AUTOS = YES_AGGRESSIVE;
				GCC_WARN_UNUSED_FUNCTION = YES;
				GCC_WARN_UNUSED_VARIABLE = YES;
				IPHONEOS_DEPLOYMENT_TARGET = 13.5;
				MTL_ENABLE_DEBUG_INFO = NO;
				MTL_FAST_MATH = YES;
				SDKROOT = iphoneos;
				VALIDATE_PRODUCT = YES;
			};
			name = Release;
		};
		CCBBC8C624AD2ED10059B4D6 /* Debug */ = {
			isa = XCBuildConfiguration;
			buildSettings = {
				ASSETCATALOG_COMPILER_APPICON_NAME = AppIcon;
				CODE_SIGN_STYLE = Automatic;
				DEVELOPMENT_TEAM = NFTL2336WY;
				INFOPLIST_FILE = "Live Preview/Info.plist";
				LD_RUNPATH_SEARCH_PATHS = (
					"$(inherited)",
					"@executable_path/Frameworks",
				);
				PRODUCT_BUNDLE_IDENTIFIER = "com.ikyle.Live-Preview";
				PRODUCT_NAME = "ObjC Live Preview";
				TARGETED_DEVICE_FAMILY = "1,2";
			};
			name = Debug;
		};
		CCBBC8C724AD2ED10059B4D6 /* Release */ = {
			isa = XCBuildConfiguration;
			buildSettings = {
				ASSETCATALOG_COMPILER_APPICON_NAME = AppIcon;
				CODE_SIGN_STYLE = Automatic;
				DEVELOPMENT_TEAM = NFTL2336WY;
				INFOPLIST_FILE = "Live Preview/Info.plist";
				LD_RUNPATH_SEARCH_PATHS = (
					"$(inherited)",
					"@executable_path/Frameworks",
				);
				PRODUCT_BUNDLE_IDENTIFIER = "com.ikyle.Live-Preview";
				PRODUCT_NAME = "ObjC Live Preview";
				TARGETED_DEVICE_FAMILY = "1,2";
			};
			name = Release;
		};
/* End XCBuildConfiguration section */

/* Begin XCConfigurationList section */
		CCBBC8A724AD2ECF0059B4D6 /* Build configuration list for PBXProject "ObjC Live Preview" */ = {
			isa = XCConfigurationList;
			buildConfigurations = (
				CCBBC8C324AD2ED10059B4D6 /* Debug */,
				CCBBC8C424AD2ED10059B4D6 /* Release */,
			);
			defaultConfigurationIsVisible = 0;
			defaultConfigurationName = Release;
		};
		CCBBC8C524AD2ED10059B4D6 /* Build configuration list for PBXNativeTarget "ObjC Live Preview" */ = {
			isa = XCConfigurationList;
			buildConfigurations = (
				CCBBC8C624AD2ED10059B4D6 /* Debug */,
				CCBBC8C724AD2ED10059B4D6 /* Release */,
			);
			defaultConfigurationIsVisible = 0;
			defaultConfigurationName = Release;
		};
/* End XCConfigurationList section */
	};
	rootObject = CCBBC8A424AD2ECF0059B4D6 /* Project object */;
}
